
Microsoft Visual Studio Solution File, Format Version 12.00
# Visual Studio 15
VisualStudioVersion = 15.0.28307.757
MinimumVisualStudioVersion = 10.0.40219.1
Project("{8BC9CEB8-8B4A-11D0-8D11-00A0C91BC942}") = "prog1_feladatok", "prog1_feladatok\prog1_feladatok.vcxproj", "{5BAE6B06-98D8-4D39-B84C-2A27257CE0FD}"
EndProject
Project("{DA7A21FA-8162-4350-AD77-A8D1B671F3ED}") = "prog1_feladatok_R", "prog1_feladatok_R\prog1_feladatok_R.rxproj", "{F43C25D5-59E9-432E-AFC2-148564D15305}"
EndProject
Project("{F184B08F-C81C-45F6-A57F-5ABD9991F28F}") = "prog1_feladatok_VB", "prog1_feladatok_VB\prog1_feladatok_VB.vbproj", "{61BAF56C-21AB-46A4-9511-75637E634BA9}"
EndProject
Project("{8BC9CEB8-8B4A-11D0-8D11-00A0C91BC942}") = "prog1_feladatok_CUDA", "prog1_feladatok_CUDA\prog1_feladatok_CUDA.vcxproj", "{9804A6D8-59DD-4E0B-87B8-CE041EA3E759}"
EndProject
Project("{FAE04EC0-301F-11D3-BF4B-00C04F79EFBC}") = "prog1_feladatok_Mandel_Csharp", "prog1_feladatok_Mandel_Csharp\prog1_feladatok_Mandel_Csharp.csproj", "{01AE6C9D-3E33-4D1E-84BA-6BD560B6222E}"
EndProject
Project("{FAE04EC0-301F-11D3-BF4B-00C04F79EFBC}") = "prog2_feladatok_Csharp", "prog2_feladatok_Csharp\prog2_feladatok_Csharp.csproj", "{098BC924-3099-41A5-92A6-748B963EDA25}"
EndProject
Global
	GlobalSection(SolutionConfigurationPlatforms) = preSolution
		Debug|Any CPU = Debug|Any CPU
		Debug|x64 = Debug|x64
		Debug|x86 = Debug|x86
		Release|Any CPU = Release|Any CPU
		Release|x64 = Release|x64
		Release|x86 = Release|x86
	EndGlobalSection
	GlobalSection(ProjectConfigurationPlatforms) = postSolution
		{5BAE6B06-98D8-4D39-B84C-2A27257CE0FD}.Debug|Any CPU.ActiveCfg = Debug|Win32
		{5BAE6B06-98D8-4D39-B84C-2A27257CE0FD}.Debug|x64.ActiveCfg = Debug|x64
		{5BAE6B06-98D8-4D39-B84C-2A27257CE0FD}.Debug|x64.Build.0 = Debug|x64
		{5BAE6B06-98D8-4D39-B84C-2A27257CE0FD}.Debug|x86.ActiveCfg = Debug|Win32
		{5BAE6B06-98D8-4D39-B84C-2A27257CE0FD}.Debug|x86.Build.0 = Debug|Win32
		{5BAE6B06-98D8-4D39-B84C-2A27257CE0FD}.Release|Any CPU.ActiveCfg = Release|Win32
		{5BAE6B06-98D8-4D39-B84C-2A27257CE0FD}.Release|x64.ActiveCfg = Release|x64
		{5BAE6B06-98D8-4D39-B84C-2A27257CE0FD}.Release|x64.Build.0 = Release|x64
		{5BAE6B06-98D8-4D39-B84C-2A27257CE0FD}.Release|x86.ActiveCfg = Release|Win32
		{5BAE6B06-98D8-4D39-B84C-2A27257CE0FD}.Release|x86.Build.0 = Release|Win32
		{F43C25D5-59E9-432E-AFC2-148564D15305}.Debug|Any CPU.ActiveCfg = Debug|Any CPU
		{F43C25D5-59E9-432E-AFC2-148564D15305}.Debug|Any CPU.Build.0 = Debug|Any CPU
		{F43C25D5-59E9-432E-AFC2-148564D15305}.Debug|x64.ActiveCfg = Debug|Any CPU
		{F43C25D5-59E9-432E-AFC2-148564D15305}.Debug|x64.Build.0 = Debug|Any CPU
		{F43C25D5-59E9-432E-AFC2-148564D15305}.Debug|x86.ActiveCfg = Debug|Any CPU
		{F43C25D5-59E9-432E-AFC2-148564D15305}.Debug|x86.Build.0 = Debug|Any CPU
		{F43C25D5-59E9-432E-AFC2-148564D15305}.Release|Any CPU.ActiveCfg = Release|Any CPU
		{F43C25D5-59E9-432E-AFC2-148564D15305}.Release|Any CPU.Build.0 = Release|Any CPU
		{F43C25D5-59E9-432E-AFC2-148564D15305}.Release|x64.ActiveCfg = Release|Any CPU
		{F43C25D5-59E9-432E-AFC2-148564D15305}.Release|x64.Build.0 = Release|Any CPU
		{F43C25D5-59E9-432E-AFC2-148564D15305}.Release|x86.ActiveCfg = Release|Any CPU
		{F43C25D5-59E9-432E-AFC2-148564D15305}.Release|x86.Build.0 = Release|Any CPU
		{61BAF56C-21AB-46A4-9511-75637E634BA9}.Debug|Any CPU.ActiveCfg = Debug|Any CPU
		{61BAF56C-21AB-46A4-9511-75637E634BA9}.Debug|Any CPU.Build.0 = Debug|Any CPU
		{61BAF56C-21AB-46A4-9511-75637E634BA9}.Debug|x64.ActiveCfg = Debug|Any CPU
		{61BAF56C-21AB-46A4-9511-75637E634BA9}.Debug|x64.Build.0 = Debug|Any CPU
		{61BAF56C-21AB-46A4-9511-75637E634BA9}.Debug|x86.ActiveCfg = Debug|Any CPU
		{61BAF56C-21AB-46A4-9511-75637E634BA9}.Debug|x86.Build.0 = Debug|Any CPU
		{61BAF56C-21AB-46A4-9511-75637E634BA9}.Release|Any CPU.ActiveCfg = Release|Any CPU
		{61BAF56C-21AB-46A4-9511-75637E634BA9}.Release|Any CPU.Build.0 = Release|Any CPU
		{61BAF56C-21AB-46A4-9511-75637E634BA9}.Release|x64.ActiveCfg = Release|Any CPU
		{61BAF56C-21AB-46A4-9511-75637E634BA9}.Release|x64.Build.0 = Release|Any CPU
		{61BAF56C-21AB-46A4-9511-75637E634BA9}.Release|x86.ActiveCfg = Release|Any CPU
		{61BAF56C-21AB-46A4-9511-75637E634BA9}.Release|x86.Build.0 = Release|Any CPU
		{9804A6D8-59DD-4E0B-87B8-CE041EA3E759}.Debug|Any CPU.ActiveCfg = Debug|x64
		{9804A6D8-59DD-4E0B-87B8-CE041EA3E759}.Debug|x64.ActiveCfg = Debug|x64
		{9804A6D8-59DD-4E0B-87B8-CE041EA3E759}.Debug|x64.Build.0 = Debug|x64
		{9804A6D8-59DD-4E0B-87B8-CE041EA3E759}.Debug|x86.ActiveCfg = Debug|x64
		{9804A6D8-59DD-4E0B-87B8-CE041EA3E759}.Release|Any CPU.ActiveCfg = Release|x64
		{9804A6D8-59DD-4E0B-87B8-CE041EA3E759}.Release|x64.ActiveCfg = Release|x64
		{9804A6D8-59DD-4E0B-87B8-CE041EA3E759}.Release|x64.Build.0 = Release|x64
		{9804A6D8-59DD-4E0B-87B8-CE041EA3E759}.Release|x86.ActiveCfg = Release|x64
		{01AE6C9D-3E33-4D1E-84BA-6BD560B6222E}.Debug|Any CPU.ActiveCfg = Debug|Any CPU
		{01AE6C9D-3E33-4D1E-84BA-6BD560B6222E}.Debug|Any CPU.Build.0 = Debug|Any CPU
		{01AE6C9D-3E33-4D1E-84BA-6BD560B6222E}.Debug|x64.ActiveCfg = Debug|Any CPU
		{01AE6C9D-3E33-4D1E-84BA-6BD560B6222E}.Debug|x64.Build.0 = Debug|Any CPU
		{01AE6C9D-3E33-4D1E-84BA-6BD560B6222E}.Debug|x86.ActiveCfg = Debug|Any CPU
		{01AE6C9D-3E33-4D1E-84BA-6BD560B6222E}.Debug|x86.Build.0 = Debug|Any CPU
		{01AE6C9D-3E33-4D1E-84BA-6BD560B6222E}.Release|Any CPU.ActiveCfg = Release|Any CPU
		{01AE6C9D-3E33-4D1E-84BA-6BD560B6222E}.Release|Any CPU.Build.0 = Release|Any CPU
		{01AE6C9D-3E33-4D1E-84BA-6BD560B6222E}.Release|x64.ActiveCfg = Release|Any CPU
		{01AE6C9D-3E33-4D1E-84BA-6BD560B6222E}.Release|x64.Build.0 = Release|Any CPU
		{01AE6C9D-3E33-4D1E-84BA-6BD560B6222E}.Release|x86.ActiveCfg = Release|Any CPU
		{01AE6C9D-3E33-4D1E-84BA-6BD560B6222E}.Release|x86.Build.0 = Release|Any CPU
		{098BC924-3099-41A5-92A6-748B963EDA25}.Debug|Any CPU.ActiveCfg = Debug|Any CPU
		{098BC924-3099-41A5-92A6-748B963EDA25}.Debug|Any CPU.Build.0 = Debug|Any CPU
		{098BC924-3099-41A5-92A6-748B963EDA25}.Debug|x64.ActiveCfg = Debug|Any CPU
		{098BC924-3099-41A5-92A6-748B963EDA25}.Debug|x64.Build.0 = Debug|Any CPU
		{098BC924-3099-41A5-92A6-748B963EDA25}.Debug|x86.ActiveCfg = Debug|Any CPU
		{098BC924-3099-41A5-92A6-748B963EDA25}.Debug|x86.Build.0 = Debug|Any CPU
		{098BC924-3099-41A5-92A6-748B963EDA25}.Release|Any CPU.ActiveCfg = Release|Any CPU
		{098BC924-3099-41A5-92A6-748B963EDA25}.Release|Any CPU.Build.0 = Release|Any CPU
		{098BC924-3099-41A5-92A6-748B963EDA25}.Release|x64.ActiveCfg = Release|Any CPU
		{098BC924-3099-41A5-92A6-748B963EDA25}.Release|x64.Build.0 = Release|Any CPU
		{098BC924-3099-41A5-92A6-748B963EDA25}.Release|x86.ActiveCfg = Release|Any CPU
		{098BC924-3099-41A5-92A6-748B963EDA25}.Release|x86.Build.0 = Release|Any CPU
	EndGlobalSection
	GlobalSection(SolutionProperties) = preSolution
		HideSolutionNode = FALSE
	EndGlobalSection
	GlobalSection(ExtensibilityGlobals) = postSolution
		SolutionGuid = {CC809E72-A253-483C-B42B-4E419FD2353F}
	EndGlobalSection
EndGlobal
